
Microsoft Visual Studio Solution File, Format Version 12.00
# Visual Studio 14
VisualStudioVersion = 14.0.25420.1
MinimumVisualStudioVersion = 10.0.40219.1
Project("{FAE04EC0-301F-11D3-BF4B-00C04F79EFBC}") = "Labs_2_WeakDelegate", "Labs_2_WeakDelegate\Labs_2_WeakDelegate.csproj", "{60441D1D-0D79-4A8F-B44D-173D717567DF}"
EndProject
Project("{FAE04EC0-301F-11D3-BF4B-00C04F79EFBC}") = "Test_labs_2_WeakDelegate", "Test_labs_2_WeakDelegate\Test_labs_2_WeakDelegate.csproj", "{2D1923D2-5FF8-42AE-B7F0-E7BDF9BD6669}"
	ProjectSection(ProjectDependencies) = postProject
		{60441D1D-0D79-4A8F-B44D-173D717567DF} = {60441D1D-0D79-4A8F-B44D-173D717567DF}
	EndProjectSection
EndProject
Global
	GlobalSection(SolutionConfigurationPlatforms) = preSolution
		Debug|Any CPU = Debug|Any CPU
		Release|Any CPU = Release|Any CPU
	EndGlobalSection
	GlobalSection(ProjectConfigurationPlatforms) = postSolution
		{60441D1D-0D79-4A8F-B44D-173D717567DF}.Debug|Any CPU.ActiveCfg = Debug|Any CPU
		{60441D1D-0D79-4A8F-B44D-173D717567DF}.Debug|Any CPU.Build.0 = Debug|Any CPU
		{60441D1D-0D79-4A8F-B44D-173D717567DF}.Release|Any CPU.ActiveCfg = Release|Any CPU
		{60441D1D-0D79-4A8F-B44D-173D717567DF}.Release|Any CPU.Build.0 = Release|Any CPU
		{2D1923D2-5FF8-42AE-B7F0-E7BDF9BD6669}.Debug|Any CPU.ActiveCfg = Debug|Any CPU
		{2D1923D2-5FF8-42AE-B7F0-E7BDF9BD6669}.Debug|Any CPU.Build.0 = Debug|Any CPU
		{2D1923D2-5FF8-42AE-B7F0-E7BDF9BD6669}.Release|Any CPU.ActiveCfg = Release|Any CPU
		{2D1923D2-5FF8-42AE-B7F0-E7BDF9BD6669}.Release|Any CPU.Build.0 = Release|Any CPU
	EndGlobalSection
	GlobalSection(SolutionProperties) = preSolution
		HideSolutionNode = FALSE
	EndGlobalSection
EndGlobal
